// !$*UTF8*$!
{
	archiveVersion = 1;
	classes = {
	};
	objectVersion = 56;
	objects = {

/* Begin PBXBuildFile section */
		DF7167942C315931001C9A2D /* ViewAllSection.swift in Sources */ = {isa = PBXBuildFile; fileRef = DF7167932C315931001C9A2D /* ViewAllSection.swift */; };
		DF7167962C3165E9001C9A2D /* SideMenuView.swift in Sources */ = {isa = PBXBuildFile; fileRef = DF7167952C3165E9001C9A2D /* SideMenuView.swift */; };
		DF7167982C316625001C9A2D /* IconTextRow.swift in Sources */ = {isa = PBXBuildFile; fileRef = DF7167972C316625001C9A2D /* IconTextRow.swift */; };
		DF9CAA082C300C6200B49536 /* DigitalMusicPlayerAppWithSwiftUIApp.swift in Sources */ = {isa = PBXBuildFile; fileRef = DF9CAA072C300C6200B49536 /* DigitalMusicPlayerAppWithSwiftUIApp.swift */; };
		DF9CAA0C2C300C6300B49536 /* Assets.xcassets in Resources */ = {isa = PBXBuildFile; fileRef = DF9CAA0B2C300C6300B49536 /* Assets.xcassets */; };
		DF9CAA0F2C300C6300B49536 /* Preview Assets.xcassets in Resources */ = {isa = PBXBuildFile; fileRef = DF9CAA0E2C300C6300B49536 /* Preview Assets.xcassets */; };
		DF9CAA1B2C300E9700B49536 /* CircularStd-Black.otf in Resources */ = {isa = PBXBuildFile; fileRef = DF9CAA172C300E9700B49536 /* CircularStd-Black.otf */; };
		DF9CAA1C2C300E9700B49536 /* CircularStd-Bold.otf in Resources */ = {isa = PBXBuildFile; fileRef = DF9CAA182C300E9700B49536 /* CircularStd-Bold.otf */; };
		DF9CAA1D2C300E9700B49536 /* CircularStd-Book.otf in Resources */ = {isa = PBXBuildFile; fileRef = DF9CAA192C300E9700B49536 /* CircularStd-Book.otf */; };
		DF9CAA1E2C300E9700B49536 /* CircularStd-Medium.otf in Resources */ = {isa = PBXBuildFile; fileRef = DF9CAA1A2C300E9700B49536 /* CircularStd-Medium.otf */; };
		DFD6A5742C32BA180024E4DB /* SongRow.swift in Sources */ = {isa = PBXBuildFile; fileRef = DFD6A5732C32BA180024E4DB /* SongRow.swift */; };
		DFD6A5762C32BAA90024E4DB /* AllSongsView.swift in Sources */ = {isa = PBXBuildFile; fileRef = DFD6A5752C32BAA90024E4DB /* AllSongsView.swift */; };
		DFE1E6952C30194200FD1610 /* UIExtension.swift in Sources */ = {isa = PBXBuildFile; fileRef = DFE1E6942C30194200FD1610 /* UIExtension.swift */; };
		DFE1E6972C3019A600FD1610 /* Launch Screen.storyboard in Resources */ = {isa = PBXBuildFile; fileRef = DFE1E6962C3019A600FD1610 /* Launch Screen.storyboard */; };
		DFE1E6992C301E6700FD1610 /* MainTabView.swift in Sources */ = {isa = PBXBuildFile; fileRef = DFE1E6982C301E6700FD1610 /* MainTabView.swift */; };
		DFE1E69C2C302FD800FD1610 /* TabButton.swift in Sources */ = {isa = PBXBuildFile; fileRef = DFE1E69B2C302FD800FD1610 /* TabButton.swift */; };
		DFE1E69F2C303AB700FD1610 /* HomeView.swift in Sources */ = {isa = PBXBuildFile; fileRef = DFE1E69E2C303AB700FD1610 /* HomeView.swift */; };
		DFE8EF512C317D5E0012C051 /* MainViewModel.swift in Sources */ = {isa = PBXBuildFile; fileRef = DFE8EF502C317D5E0012C051 /* MainViewModel.swift */; };
		DFE8EF552C3183D40012C051 /* SongsView.swift in Sources */ = {isa = PBXBuildFile; fileRef = DFE8EF542C3183D40012C051 /* SongsView.swift */; };
		DFE8EF572C3185E40012C051 /* ScrollTabButton.swift in Sources */ = {isa = PBXBuildFile; fileRef = DFE8EF562C3185E40012C051 /* ScrollTabButton.swift */; };
/* End PBXBuildFile section */

/* Begin PBXFileReference section */
		DF7167932C315931001C9A2D /* ViewAllSection.swift */ = {isa = PBXFileReference; lastKnownFileType = sourcecode.swift; path = ViewAllSection.swift; sourceTree = "<group>"; };
		DF7167952C3165E9001C9A2D /* SideMenuView.swift */ = {isa = PBXFileReference; lastKnownFileType = sourcecode.swift; path = SideMenuView.swift; sourceTree = "<group>"; };
		DF7167972C316625001C9A2D /* IconTextRow.swift */ = {isa = PBXFileReference; lastKnownFileType = sourcecode.swift; path = IconTextRow.swift; sourceTree = "<group>"; };
		DF9CAA042C300C6200B49536 /* DigitalMusicPlayerAppWithSwiftUI.app */ = {isa = PBXFileReference; explicitFileType = wrapper.application; includeInIndex = 0; path = DigitalMusicPlayerAppWithSwiftUI.app; sourceTree = BUILT_PRODUCTS_DIR; };
		DF9CAA072C300C6200B49536 /* DigitalMusicPlayerAppWithSwiftUIApp.swift */ = {isa = PBXFileReference; lastKnownFileType = sourcecode.swift; path = DigitalMusicPlayerAppWithSwiftUIApp.swift; sourceTree = "<group>"; };
		DF9CAA0B2C300C6300B49536 /* Assets.xcassets */ = {isa = PBXFileReference; lastKnownFileType = folder.assetcatalog; path = Assets.xcassets; sourceTree = "<group>"; };
		DF9CAA0E2C300C6300B49536 /* Preview Assets.xcassets */ = {isa = PBXFileReference; lastKnownFileType = folder.assetcatalog; path = "Preview Assets.xcassets"; sourceTree = "<group>"; };
		DF9CAA172C300E9700B49536 /* CircularStd-Black.otf */ = {isa = PBXFileReference; lastKnownFileType = file; path = "CircularStd-Black.otf"; sourceTree = "<group>"; };
		DF9CAA182C300E9700B49536 /* CircularStd-Bold.otf */ = {isa = PBXFileReference; lastKnownFileType = file; path = "CircularStd-Bold.otf"; sourceTree = "<group>"; };
		DF9CAA192C300E9700B49536 /* CircularStd-Book.otf */ = {isa = PBXFileReference; lastKnownFileType = file; path = "CircularStd-Book.otf"; sourceTree = "<group>"; };
		DF9CAA1A2C300E9700B49536 /* CircularStd-Medium.otf */ = {isa = PBXFileReference; lastKnownFileType = file; path = "CircularStd-Medium.otf"; sourceTree = "<group>"; };
		DF9CAA1F2C300F4E00B49536 /* Info.plist */ = {isa = PBXFileReference; lastKnownFileType = text.plist; path = Info.plist; sourceTree = "<group>"; };
		DFD6A5732C32BA180024E4DB /* SongRow.swift */ = {isa = PBXFileReference; lastKnownFileType = sourcecode.swift; path = SongRow.swift; sourceTree = "<group>"; };
		DFD6A5752C32BAA90024E4DB /* AllSongsView.swift */ = {isa = PBXFileReference; lastKnownFileType = sourcecode.swift; path = AllSongsView.swift; sourceTree = "<group>"; };
		DFE1E6942C30194200FD1610 /* UIExtension.swift */ = {isa = PBXFileReference; fileEncoding = 4; lastKnownFileType = sourcecode.swift; path = UIExtension.swift; sourceTree = "<group>"; };
		DFE1E6962C3019A600FD1610 /* Launch Screen.storyboard */ = {isa = PBXFileReference; lastKnownFileType = file.storyboard; path = "Launch Screen.storyboard"; sourceTree = "<group>"; };
		DFE1E6982C301E6700FD1610 /* MainTabView.swift */ = {isa = PBXFileReference; lastKnownFileType = sourcecode.swift; path = MainTabView.swift; sourceTree = "<group>"; };
		DFE1E69B2C302FD800FD1610 /* TabButton.swift */ = {isa = PBXFileReference; lastKnownFileType = sourcecode.swift; path = TabButton.swift; sourceTree = "<group>"; };
		DFE1E69D2C3036E100FD1610 /* README.md */ = {isa = PBXFileReference; lastKnownFileType = net.daringfireball.markdown; path = README.md; sourceTree = "<group>"; };
		DFE1E69E2C303AB700FD1610 /* HomeView.swift */ = {isa = PBXFileReference; lastKnownFileType = sourcecode.swift; path = HomeView.swift; sourceTree = "<group>"; };
		DFE8EF502C317D5E0012C051 /* MainViewModel.swift */ = {isa = PBXFileReference; lastKnownFileType = sourcecode.swift; path = MainViewModel.swift; sourceTree = "<group>"; };
		DFE8EF542C3183D40012C051 /* SongsView.swift */ = {isa = PBXFileReference; lastKnownFileType = sourcecode.swift; path = SongsView.swift; sourceTree = "<group>"; };
		DFE8EF562C3185E40012C051 /* ScrollTabButton.swift */ = {isa = PBXFileReference; lastKnownFileType = sourcecode.swift; path = ScrollTabButton.swift; sourceTree = "<group>"; };
/* End PBXFileReference section */

/* Begin PBXFrameworksBuildPhase section */
		DF9CAA012C300C6200B49536 /* Frameworks */ = {
			isa = PBXFrameworksBuildPhase;
			buildActionMask = 2147483647;
			files = (
			);
			runOnlyForDeploymentPostprocessing = 0;
		};
/* End PBXFrameworksBuildPhase section */

/* Begin PBXGroup section */
		DF9CA9FB2C300C6200B49536 = {
			isa = PBXGroup;
			children = (
				DFE1E69D2C3036E100FD1610 /* README.md */,
				DF9CAA062C300C6200B49536 /* DigitalMusicPlayerAppWithSwiftUI */,
				DF9CAA052C300C6200B49536 /* Products */,
			);
			sourceTree = "<group>";
		};
		DF9CAA052C300C6200B49536 /* Products */ = {
			isa = PBXGroup;
			children = (
				DF9CAA042C300C6200B49536 /* DigitalMusicPlayerAppWithSwiftUI.app */,
			);
			name = Products;
			sourceTree = "<group>";
		};
		DF9CAA062C300C6200B49536 /* DigitalMusicPlayerAppWithSwiftUI */ = {
			isa = PBXGroup;
			children = (
				DF9CAA152C300C7300B49536 /* App */,
				DF9CAA162C300E8200B49536 /* Fonts */,
				DF9CAA1F2C300F4E00B49536 /* Info.plist */,
				DFE1E6962C3019A600FD1610 /* Launch Screen.storyboard */,
				DF9CAA212C30103B00B49536 /* Models */,
				DF9CAA0D2C300C6300B49536 /* Preview Content */,
				DFE1E6912C30190900FD1610 /* UICommon */,
				DF9CAA222C30103F00B49536 /* ViewModels */,
				DF9CAA232C30104500B49536 /* Views */,
			);
			path = DigitalMusicPlayerAppWithSwiftUI;
			sourceTree = "<group>";
		};
		DF9CAA0D2C300C6300B49536 /* Preview Content */ = {
			isa = PBXGroup;
			children = (
				DF9CAA0E2C300C6300B49536 /* Preview Assets.xcassets */,
			);
			path = "Preview Content";
			sourceTree = "<group>";
		};
		DF9CAA152C300C7300B49536 /* App */ = {
			isa = PBXGroup;
			children = (
				DF9CAA0B2C300C6300B49536 /* Assets.xcassets */,
				DF9CAA072C300C6200B49536 /* DigitalMusicPlayerAppWithSwiftUIApp.swift */,
			);
			path = App;
			sourceTree = "<group>";
		};
		DF9CAA162C300E8200B49536 /* Fonts */ = {
			isa = PBXGroup;
			children = (
				DF9CAA172C300E9700B49536 /* CircularStd-Black.otf */,
				DF9CAA182C300E9700B49536 /* CircularStd-Bold.otf */,
				DF9CAA192C300E9700B49536 /* CircularStd-Book.otf */,
				DF9CAA1A2C300E9700B49536 /* CircularStd-Medium.otf */,
			);
			path = Fonts;
			sourceTree = "<group>";
		};
		DF9CAA212C30103B00B49536 /* Models */ = {
			isa = PBXGroup;
			children = (
			);
			path = Models;
			sourceTree = "<group>";
		};
		DF9CAA222C30103F00B49536 /* ViewModels */ = {
			isa = PBXGroup;
			children = (
				DFE8EF502C317D5E0012C051 /* MainViewModel.swift */,
			);
			path = ViewModels;
			sourceTree = "<group>";
		};
		DF9CAA232C30104500B49536 /* Views */ = {
			isa = PBXGroup;
			children = (
				DF9CAA272C30107100B49536 /* Home */,
				DF9CAA262C30106B00B49536 /* MainTab */,
				DFE8EF522C3183B40012C051 /* Songs */,
			);
			path = Views;
			sourceTree = "<group>";
		};
		DF9CAA262C30106B00B49536 /* MainTab */ = {
			isa = PBXGroup;
			children = (
				DFE1E6982C301E6700FD1610 /* MainTabView.swift */,
				DF7167952C3165E9001C9A2D /* SideMenuView.swift */,
			);
			path = MainTab;
			sourceTree = "<group>";
		};
		DF9CAA272C30107100B49536 /* Home */ = {
			isa = PBXGroup;
			children = (
				DFE1E69E2C303AB700FD1610 /* HomeView.swift */,
			);
			path = Home;
			sourceTree = "<group>";
		};
		DFE1E6912C30190900FD1610 /* UICommon */ = {
			isa = PBXGroup;
			children = (
				DFE1E69A2C302FCF00FD1610 /* Components */,
				DFE1E6932C30192B00FD1610 /* Extensions */,
			);
			path = UICommon;
			sourceTree = "<group>";
		};
		DFE1E6932C30192B00FD1610 /* Extensions */ = {
			isa = PBXGroup;
			children = (
				DFE1E6942C30194200FD1610 /* UIExtension.swift */,
			);
			path = Extensions;
			sourceTree = "<group>";
		};
		DFE1E69A2C302FCF00FD1610 /* Components */ = {
			isa = PBXGroup;
			children = (
				DF7167972C316625001C9A2D /* IconTextRow.swift */,
				DFE1E69B2C302FD800FD1610 /* TabButton.swift */,
				DF7167932C315931001C9A2D /* ViewAllSection.swift */,
				DFE8EF562C3185E40012C051 /* ScrollTabButton.swift */,
				DFD6A5732C32BA180024E4DB /* SongRow.swift */,
			);
			path = Components;
			sourceTree = "<group>";
		};
		DFE8EF522C3183B40012C051 /* Songs */ = {
			isa = PBXGroup;
			children = (
				DFE8EF542C3183D40012C051 /* SongsView.swift */,
				DFD6A5752C32BAA90024E4DB /* AllSongsView.swift */,
			);
			path = Songs;
			sourceTree = "<group>";
		};
/* End PBXGroup section */

/* Begin PBXNativeTarget section */
		DF9CAA032C300C6200B49536 /* DigitalMusicPlayerAppWithSwiftUI */ = {
			isa = PBXNativeTarget;
			buildConfigurationList = DF9CAA122C300C6300B49536 /* Build configuration list for PBXNativeTarget "DigitalMusicPlayerAppWithSwiftUI" */;
			buildPhases = (
				DF9CAA002C300C6200B49536 /* Sources */,
				DF9CAA012C300C6200B49536 /* Frameworks */,
				DF9CAA022C300C6200B49536 /* Resources */,
			);
			buildRules = (
			);
			dependencies = (
			);
			name = DigitalMusicPlayerAppWithSwiftUI;
			productName = DigitalMusicPlayerAppWithSwiftUI;
			productReference = DF9CAA042C300C6200B49536 /* DigitalMusicPlayerAppWithSwiftUI.app */;
			productType = "com.apple.product-type.application";
		};
/* End PBXNativeTarget section */

/* Begin PBXProject section */
		DF9CA9FC2C300C6200B49536 /* Project object */ = {
			isa = PBXProject;
			attributes = {
				BuildIndependentTargetsInParallel = 1;
				LastSwiftUpdateCheck = 1540;
				LastUpgradeCheck = 1540;
				TargetAttributes = {
					DF9CAA032C300C6200B49536 = {
						CreatedOnToolsVersion = 15.4;
					};
				};
			};
			buildConfigurationList = DF9CA9FF2C300C6200B49536 /* Build configuration list for PBXProject "DigitalMusicPlayerAppWithSwiftUI" */;
			compatibilityVersion = "Xcode 14.0";
			developmentRegion = en;
			hasScannedForEncodings = 0;
			knownRegions = (
				en,
				Base,
			);
			mainGroup = DF9CA9FB2C300C6200B49536;
			productRefGroup = DF9CAA052C300C6200B49536 /* Products */;
			projectDirPath = "";
			projectRoot = "";
			targets = (
				DF9CAA032C300C6200B49536 /* DigitalMusicPlayerAppWithSwiftUI */,
			);
		};
/* End PBXProject section */

/* Begin PBXResourcesBuildPhase section */
		DF9CAA022C300C6200B49536 /* Resources */ = {
			isa = PBXResourcesBuildPhase;
			buildActionMask = 2147483647;
			files = (
				DF9CAA1D2C300E9700B49536 /* CircularStd-Book.otf in Resources */,
				DF9CAA1B2C300E9700B49536 /* CircularStd-Black.otf in Resources */,
				DF9CAA1C2C300E9700B49536 /* CircularStd-Bold.otf in Resources */,
				DF9CAA0F2C300C6300B49536 /* Preview Assets.xcassets in Resources */,
				DF9CAA0C2C300C6300B49536 /* Assets.xcassets in Resources */,
				DF9CAA1E2C300E9700B49536 /* CircularStd-Medium.otf in Resources */,
				DFE1E6972C3019A600FD1610 /* Launch Screen.storyboard in Resources */,
			);
			runOnlyForDeploymentPostprocessing = 0;
		};
/* End PBXResourcesBuildPhase section */

/* Begin PBXSourcesBuildPhase section */
		DF9CAA002C300C6200B49536 /* Sources */ = {
			isa = PBXSourcesBuildPhase;
			buildActionMask = 2147483647;
			files = (
				DFE8EF572C3185E40012C051 /* ScrollTabButton.swift in Sources */,
				DF7167942C315931001C9A2D /* ViewAllSection.swift in Sources */,
				DF7167962C3165E9001C9A2D /* SideMenuView.swift in Sources */,
				DFD6A5762C32BAA90024E4DB /* AllSongsView.swift in Sources */,
				DFD6A5742C32BA180024E4DB /* SongRow.swift in Sources */,
				DF7167982C316625001C9A2D /* IconTextRow.swift in Sources */,
				DFE8EF552C3183D40012C051 /* SongsView.swift in Sources */,
				DFE1E6952C30194200FD1610 /* UIExtension.swift in Sources */,
				DFE1E69C2C302FD800FD1610 /* TabButton.swift in Sources */,
				DF9CAA082C300C6200B49536 /* DigitalMusicPlayerAppWithSwiftUIApp.swift in Sources */,
				DFE1E69F2C303AB700FD1610 /* HomeView.swift in Sources */,
				DFE1E6992C301E6700FD1610 /* MainTabView.swift in Sources */,
				DFE8EF512C317D5E0012C051 /* MainViewModel.swift in Sources */,
			);
			runOnlyForDeploymentPostprocessing = 0;
		};
/* End PBXSourcesBuildPhase section */

/* Begin XCBuildConfiguration section */
		DF9CAA102C300C6300B49536 /* Debug */ = {
			isa = XCBuildConfiguration;
			buildSettings = {
				ALWAYS_SEARCH_USER_PATHS = NO;
				ASSETCATALOG_COMPILER_GENERATE_SWIFT_ASSET_SYMBOL_EXTENSIONS = YES;
				CLANG_ANALYZER_NONNULL = YES;
				CLANG_ANALYZER_NUMBER_OBJECT_CONVERSION = YES_AGGRESSIVE;
				CLANG_CXX_LANGUAGE_STANDARD = "gnu++20";
				CLANG_ENABLE_MODULES = YES;
				CLANG_ENABLE_OBJC_ARC = YES;
				CLANG_ENABLE_OBJC_WEAK = YES;
				CLANG_WARN_BLOCK_CAPTURE_AUTORELEASING = YES;
				CLANG_WARN_BOOL_CONVERSION = YES;
				CLANG_WARN_COMMA = YES;
				CLANG_WARN_CONSTANT_CONVERSION = YES;
				CLANG_WARN_DEPRECATED_OBJC_IMPLEMENTATIONS = YES;
				CLANG_WARN_DIRECT_OBJC_ISA_USAGE = YES_ERROR;
				CLANG_WARN_DOCUMENTATION_COMMENTS = YES;
				CLANG_WARN_EMPTY_BODY = YES;
				CLANG_WARN_ENUM_CONVERSION = YES;
				CLANG_WARN_INFINITE_RECURSION = YES;
				CLANG_WARN_INT_CONVERSION = YES;
				CLANG_WARN_NON_LITERAL_NULL_CONVERSION = YES;
				CLANG_WARN_OBJC_IMPLICIT_RETAIN_SELF = YES;
				CLANG_WARN_OBJC_LITERAL_CONVERSION = YES;
				CLANG_WARN_OBJC_ROOT_CLASS = YES_ERROR;
				CLANG_WARN_QUOTED_INCLUDE_IN_FRAMEWORK_HEADER = YES;
				CLANG_WARN_RANGE_LOOP_ANALYSIS = YES;
				CLANG_WARN_STRICT_PROTOTYPES = YES;
				CLANG_WARN_SUSPICIOUS_MOVE = YES;
				CLANG_WARN_UNGUARDED_AVAILABILITY = YES_AGGRESSIVE;
				CLANG_WARN_UNREACHABLE_CODE = YES;
				CLANG_WARN__DUPLICATE_METHOD_MATCH = YES;
				COPY_PHASE_STRIP = NO;
				DEBUG_INFORMATION_FORMAT = dwarf;
				ENABLE_STRICT_OBJC_MSGSEND = YES;
				ENABLE_TESTABILITY = YES;
				ENABLE_USER_SCRIPT_SANDBOXING = YES;
				GCC_C_LANGUAGE_STANDARD = gnu17;
				GCC_DYNAMIC_NO_PIC = NO;
				GCC_NO_COMMON_BLOCKS = YES;
				GCC_OPTIMIZATION_LEVEL = 0;
				GCC_PREPROCESSOR_DEFINITIONS = (
					"DEBUG=1",
					"$(inherited)",
				);
				GCC_WARN_64_TO_32_BIT_CONVERSION = YES;
				GCC_WARN_ABOUT_RETURN_TYPE = YES_ERROR;
				GCC_WARN_UNDECLARED_SELECTOR = YES;
				GCC_WARN_UNINITIALIZED_AUTOS = YES_AGGRESSIVE;
				GCC_WARN_UNUSED_FUNCTION = YES;
				GCC_WARN_UNUSED_VARIABLE = YES;
				IPHONEOS_DEPLOYMENT_TARGET = 17.5;
				LOCALIZATION_PREFERS_STRING_CATALOGS = YES;
				MTL_ENABLE_DEBUG_INFO = INCLUDE_SOURCE;
				MTL_FAST_MATH = YES;
				ONLY_ACTIVE_ARCH = YES;
				SDKROOT = iphoneos;
				SWIFT_ACTIVE_COMPILATION_CONDITIONS = "DEBUG $(inherited)";
				SWIFT_OPTIMIZATION_LEVEL = "-Onone";
			};
			name = Debug;
		};
		DF9CAA112C300C6300B49536 /* Release */ = {
			isa = XCBuildConfiguration;
			buildSettings = {
				ALWAYS_SEARCH_USER_PATHS = NO;
				ASSETCATALOG_COMPILER_GENERATE_SWIFT_ASSET_SYMBOL_EXTENSIONS = YES;
				CLANG_ANALYZER_NONNULL = YES;
				CLANG_ANALYZER_NUMBER_OBJECT_CONVERSION = YES_AGGRESSIVE;
				CLANG_CXX_LANGUAGE_STANDARD = "gnu++20";
				CLANG_ENABLE_MODULES = YES;
				CLANG_ENABLE_OBJC_ARC = YES;
				CLANG_ENABLE_OBJC_WEAK = YES;
				CLANG_WARN_BLOCK_CAPTURE_AUTORELEASING = YES;
				CLANG_WARN_BOOL_CONVERSION = YES;
				CLANG_WARN_COMMA = YES;
				CLANG_WARN_CONSTANT_CONVERSION = YES;
				CLANG_WARN_DEPRECATED_OBJC_IMPLEMENTATIONS = YES;
				CLANG_WARN_DIRECT_OBJC_ISA_USAGE = YES_ERROR;
				CLANG_WARN_DOCUMENTATION_COMMENTS = YES;
				CLANG_WARN_EMPTY_BODY = YES;
				CLANG_WARN_ENUM_CONVERSION = YES;
				CLANG_WARN_INFINITE_RECURSION = YES;
				CLANG_WARN_INT_CONVERSION = YES;
				CLANG_WARN_NON_LITERAL_NULL_CONVERSION = YES;
				CLANG_WARN_OBJC_IMPLICIT_RETAIN_SELF = YES;
				CLANG_WARN_OBJC_LITERAL_CONVERSION = YES;
				CLANG_WARN_OBJC_ROOT_CLASS = YES_ERROR;
				CLANG_WARN_QUOTED_INCLUDE_IN_FRAMEWORK_HEADER = YES;
				CLANG_WARN_RANGE_LOOP_ANALYSIS = YES;
				CLANG_WARN_STRICT_PROTOTYPES = YES;
				CLANG_WARN_SUSPICIOUS_MOVE = YES;
				CLANG_WARN_UNGUARDED_AVAILABILITY = YES_AGGRESSIVE;
				CLANG_WARN_UNREACHABLE_CODE = YES;
				CLANG_WARN__DUPLICATE_METHOD_MATCH = YES;
				COPY_PHASE_STRIP = NO;
				DEBUG_INFORMATION_FORMAT = "dwarf-with-dsym";
				ENABLE_NS_ASSERTIONS = NO;
				ENABLE_STRICT_OBJC_MSGSEND = YES;
				ENABLE_USER_SCRIPT_SANDBOXING = YES;
				GCC_C_LANGUAGE_STANDARD = gnu17;
				GCC_NO_COMMON_BLOCKS = YES;
				GCC_WARN_64_TO_32_BIT_CONVERSION = YES;
				GCC_WARN_ABOUT_RETURN_TYPE = YES_ERROR;
				GCC_WARN_UNDECLARED_SELECTOR = YES;
				GCC_WARN_UNINITIALIZED_AUTOS = YES_AGGRESSIVE;
				GCC_WARN_UNUSED_FUNCTION = YES;
				GCC_WARN_UNUSED_VARIABLE = YES;
				IPHONEOS_DEPLOYMENT_TARGET = 17.5;
				LOCALIZATION_PREFERS_STRING_CATALOGS = YES;
				MTL_ENABLE_DEBUG_INFO = NO;
				MTL_FAST_MATH = YES;
				SDKROOT = iphoneos;
				SWIFT_COMPILATION_MODE = wholemodule;
				VALIDATE_PRODUCT = YES;
			};
			name = Release;
		};
		DF9CAA132C300C6300B49536 /* Debug */ = {
			isa = XCBuildConfiguration;
			buildSettings = {
				ASSETCATALOG_COMPILER_APPICON_NAME = AppIcon;
				ASSETCATALOG_COMPILER_GENERATE_ASSET_SYMBOLS = NO;
				ASSETCATALOG_COMPILER_GLOBAL_ACCENT_COLOR_NAME = AccentColor;
				CODE_SIGN_STYLE = Automatic;
				CURRENT_PROJECT_VERSION = 1;
				DEVELOPMENT_ASSET_PATHS = "\"DigitalMusicPlayerAppWithSwiftUI/Preview Content\"";
				ENABLE_PREVIEWS = YES;
				GENERATE_INFOPLIST_FILE = YES;
				INFOPLIST_FILE = DigitalMusicPlayerAppWithSwiftUI/Info.plist;
				INFOPLIST_KEY_UIApplicationSceneManifest_Generation = YES;
				INFOPLIST_KEY_UIApplicationSupportsIndirectInputEvents = YES;
				INFOPLIST_KEY_UILaunchScreen_Generation = YES;
				INFOPLIST_KEY_UILaunchStoryboardName = "Launch Screen.storyboard";
				INFOPLIST_KEY_UISupportedInterfaceOrientations = UIInterfaceOrientationPortrait;
				INFOPLIST_KEY_UISupportedInterfaceOrientations_iPad = "UIInterfaceOrientationLandscapeLeft UIInterfaceOrientationLandscapeRight UIInterfaceOrientationPortrait UIInterfaceOrientationPortraitUpsideDown";
				LD_RUNPATH_SEARCH_PATHS = (
					"$(inherited)",
					"@executable_path/Frameworks",
				);
				MARKETING_VERSION = 1.0;
				PRODUCT_BUNDLE_IDENTIFIER = me.ozmus.enes.DigitalMusicPlayerAppWithSwiftUI;
				PRODUCT_NAME = "$(TARGET_NAME)";
				SUPPORTED_PLATFORMS = "iphoneos iphonesimulator";
				SUPPORTS_MACCATALYST = NO;
				SUPPORTS_MAC_DESIGNED_FOR_IPHONE_IPAD = NO;
				SUPPORTS_XR_DESIGNED_FOR_IPHONE_IPAD = NO;
				SWIFT_EMIT_LOC_STRINGS = YES;
				SWIFT_VERSION = 5.0;
				TARGETED_DEVICE_FAMILY = 1;
			};
			name = Debug;
		};
		DF9CAA142C300C6300B49536 /* Release */ = {
			isa = XCBuildConfiguration;
			buildSettings = {
				ASSETCATALOG_COMPILER_APPICON_NAME = AppIcon;
				ASSETCATALOG_COMPILER_GENERATE_ASSET_SYMBOLS = NO;
				ASSETCATALOG_COMPILER_GLOBAL_ACCENT_COLOR_NAME = AccentColor;
				CODE_SIGN_STYLE = Automatic;
				CURRENT_PROJECT_VERSION = 1;
				DEVELOPMENT_ASSET_PATHS = "\"DigitalMusicPlayerAppWithSwiftUI/Preview Content\"";
				ENABLE_PREVIEWS = YES;
				GENERATE_INFOPLIST_FILE = YES;
				INFOPLIST_FILE = DigitalMusicPlayerAppWithSwiftUI/Info.plist;
				INFOPLIST_KEY_UIApplicationSceneManifest_Generation = YES;
				INFOPLIST_KEY_UIApplicationSupportsIndirectInputEvents = YES;
				INFOPLIST_KEY_UILaunchScreen_Generation = YES;
				INFOPLIST_KEY_UILaunchStoryboardName = "Launch Screen.storyboard";
				INFOPLIST_KEY_UISupportedInterfaceOrientations = UIInterfaceOrientationPortrait;
				INFOPLIST_KEY_UISupportedInterfaceOrientations_iPad = "UIInterfaceOrientationLandscapeLeft UIInterfaceOrientationLandscapeRight UIInterfaceOrientationPortrait UIInterfaceOrientationPortraitUpsideDown";
				LD_RUNPATH_SEARCH_PATHS = (
					"$(inherited)",
					"@executable_path/Frameworks",
				);
				MARKETING_VERSION = 1.0;
				PRODUCT_BUNDLE_IDENTIFIER = me.ozmus.enes.DigitalMusicPlayerAppWithSwiftUI;
				PRODUCT_NAME = "$(TARGET_NAME)";
				SUPPORTED_PLATFORMS = "iphoneos iphonesimulator";
				SUPPORTS_MACCATALYST = NO;
				SUPPORTS_MAC_DESIGNED_FOR_IPHONE_IPAD = NO;
				SUPPORTS_XR_DESIGNED_FOR_IPHONE_IPAD = NO;
				SWIFT_EMIT_LOC_STRINGS = YES;
				SWIFT_VERSION = 5.0;
				TARGETED_DEVICE_FAMILY = 1;
			};
			name = Release;
		};
/* End XCBuildConfiguration section */

/* Begin XCConfigurationList section */
		DF9CA9FF2C300C6200B49536 /* Build configuration list for PBXProject "DigitalMusicPlayerAppWithSwiftUI" */ = {
			isa = XCConfigurationList;
			buildConfigurations = (
				DF9CAA102C300C6300B49536 /* Debug */,
				DF9CAA112C300C6300B49536 /* Release */,
			);
			defaultConfigurationIsVisible = 0;
			defaultConfigurationName = Release;
		};
		DF9CAA122C300C6300B49536 /* Build configuration list for PBXNativeTarget "DigitalMusicPlayerAppWithSwiftUI" */ = {
			isa = XCConfigurationList;
			buildConfigurations = (
				DF9CAA132C300C6300B49536 /* Debug */,
				DF9CAA142C300C6300B49536 /* Release */,
			);
			defaultConfigurationIsVisible = 0;
			defaultConfigurationName = Release;
		};
/* End XCConfigurationList section */
	};
	rootObject = DF9CA9FC2C300C6200B49536 /* Project object */;
}
